
Microsoft Visual Studio Solution File, Format Version 12.00
# Visual Studio Version 16
VisualStudioVersion = 16.0.31702.278
MinimumVisualStudioVersion = 10.0.40219.1
Project("{FAE04EC0-301F-11D3-BF4B-00C04F79EFBC}") = "EmpWagePartTime", "EmpWagePartTime.csproj", "{EA089753-163C-48D9-A780-C112EE29DD04}"
EndProject
Global
	GlobalSection(SolutionConfigurationPlatforms) = preSolution
		Debug|Any CPU = Debug|Any CPU
		Release|Any CPU = Release|Any CPU
	EndGlobalSection
	GlobalSection(ProjectConfigurationPlatforms) = postSolution
		{EA089753-163C-48D9-A780-C112EE29DD04}.Debug|Any CPU.ActiveCfg = Debug|Any CPU
		{EA089753-163C-48D9-A780-C112EE29DD04}.Debug|Any CPU.Build.0 = Debug|Any CPU
		{EA089753-163C-48D9-A780-C112EE29DD04}.Release|Any CPU.ActiveCfg = Release|Any CPU
		{EA089753-163C-48D9-A780-C112EE29DD04}.Release|Any CPU.Build.0 = Release|Any CPU
	EndGlobalSection
	GlobalSection(SolutionProperties) = preSolution
		HideSolutionNode = FALSE
	EndGlobalSection
	GlobalSection(ExtensibilityGlobals) = postSolution
		SolutionGuid = {94B148CB-94E2-4129-B7CE-2D2F65050419}
	EndGlobalSection
EndGlobal
